
Microsoft Visual Studio Solution File, Format Version 12.00
# Visual Studio 15
VisualStudioVersion = 15.0.26124.0
MinimumVisualStudioVersion = 15.0.26124.0
Project("{FAE04EC0-301F-11D3-BF4B-00C04F79EFBC}") = "DbScan", "DbScan\DbScan.csproj", "{A3E48DF2-741A-45AD-ACD7-3520E1D0B47C}"
EndProject
Project("{FAE04EC0-301F-11D3-BF4B-00C04F79EFBC}") = "DbScan.Tests", "DbScan.Tests\DbScan.Tests.csproj", "{F7565DEA-158E-446E-A44B-11F71D017786}"
EndProject
Global
	GlobalSection(SolutionConfigurationPlatforms) = preSolution
		Debug|Any CPU = Debug|Any CPU
		Debug|x64 = Debug|x64
		Debug|x86 = Debug|x86
		Release|Any CPU = Release|Any CPU
		Release|x64 = Release|x64
		Release|x86 = Release|x86
	EndGlobalSection
	GlobalSection(SolutionProperties) = preSolution
		HideSolutionNode = FALSE
	EndGlobalSection
	GlobalSection(ProjectConfigurationPlatforms) = postSolution
		{A3E48DF2-741A-45AD-ACD7-3520E1D0B47C}.Debug|Any CPU.ActiveCfg = Debug|Any CPU
		{A3E48DF2-741A-45AD-ACD7-3520E1D0B47C}.Debug|Any CPU.Build.0 = Debug|Any CPU
		{A3E48DF2-741A-45AD-ACD7-3520E1D0B47C}.Debug|x64.ActiveCfg = Debug|x64
		{A3E48DF2-741A-45AD-ACD7-3520E1D0B47C}.Debug|x64.Build.0 = Debug|x64
		{A3E48DF2-741A-45AD-ACD7-3520E1D0B47C}.Debug|x86.ActiveCfg = Debug|x86
		{A3E48DF2-741A-45AD-ACD7-3520E1D0B47C}.Debug|x86.Build.0 = Debug|x86
		{A3E48DF2-741A-45AD-ACD7-3520E1D0B47C}.Release|Any CPU.ActiveCfg = Release|Any CPU
		{A3E48DF2-741A-45AD-ACD7-3520E1D0B47C}.Release|Any CPU.Build.0 = Release|Any CPU
		{A3E48DF2-741A-45AD-ACD7-3520E1D0B47C}.Release|x64.ActiveCfg = Release|x64
		{A3E48DF2-741A-45AD-ACD7-3520E1D0B47C}.Release|x64.Build.0 = Release|x64
		{A3E48DF2-741A-45AD-ACD7-3520E1D0B47C}.Release|x86.ActiveCfg = Release|x86
		{A3E48DF2-741A-45AD-ACD7-3520E1D0B47C}.Release|x86.Build.0 = Release|x86
		{F7565DEA-158E-446E-A44B-11F71D017786}.Debug|Any CPU.ActiveCfg = Debug|Any CPU
		{F7565DEA-158E-446E-A44B-11F71D017786}.Debug|Any CPU.Build.0 = Debug|Any CPU
		{F7565DEA-158E-446E-A44B-11F71D017786}.Debug|x64.ActiveCfg = Debug|x64
		{F7565DEA-158E-446E-A44B-11F71D017786}.Debug|x64.Build.0 = Debug|x64
		{F7565DEA-158E-446E-A44B-11F71D017786}.Debug|x86.ActiveCfg = Debug|x86
		{F7565DEA-158E-446E-A44B-11F71D017786}.Debug|x86.Build.0 = Debug|x86
		{F7565DEA-158E-446E-A44B-11F71D017786}.Release|Any CPU.ActiveCfg = Release|Any CPU
		{F7565DEA-158E-446E-A44B-11F71D017786}.Release|Any CPU.Build.0 = Release|Any CPU
		{F7565DEA-158E-446E-A44B-11F71D017786}.Release|x64.ActiveCfg = Release|x64
		{F7565DEA-158E-446E-A44B-11F71D017786}.Release|x64.Build.0 = Release|x64
		{F7565DEA-158E-446E-A44B-11F71D017786}.Release|x86.ActiveCfg = Release|x86
		{F7565DEA-158E-446E-A44B-11F71D017786}.Release|x86.Build.0 = Release|x86
	EndGlobalSection
EndGlobal
